github.com/dvyukov/go-fuzz v0.0.0-20201127111758-49e582c6c23d/go.mod h1:11Gm+ccJnvAhCNLlf5+cS9KjtbaD5I5zaZpFMsTHWTw=
go4.org/intern v0.0.0-20210108033219-3eb7198706b2 h1:VFTf+jjIgsldaz/Mr00VaCSswHJrI2hIjQygE/W4IMg=
go4.org/intern v0.0.0-20210108033219-3eb7198706b2/go.mod h1:vLqJ+12kCw61iCWsPto0EOHhBS+o4rO5VIucbc9g2Cc=
go4.org/unsafe/assume-no-moving-gc v0.0.0-20201222175341-b30ae309168e/go.mod h1:FftLjUGFEDu5k8lt0ddY+HcrH/qU/0qk+H8j9/nTl3E=
go4.org/unsafe/assume-no-moving-gc v0.0.0-20201222180813-1025295fd063 h1:1tk03FUNpulq2cuWpXZWj649rwJpk0d20rxWiopKRmc=
go4.org/unsafe/assume-no-moving-gc v0.0.0-20201222180813-1025295fd063/go.mod h1:FftLjUGFEDu5k8lt0ddY+HcrH/qU/0qk+H8j9/nTl3E=
golang.org/x/sys v0.0.0-20210227040730-b0d1d43c014d h1:9fH9JvLNoSpsDWcXJ4dSE3lZW99Z3OCUZLr07g60U6o=
golang.org/x/sys v0.0.0-20210227040730-b0d1d43c014d/go.mod h1:h1NjWce9XRLGQEsW7wpKNCjG9DtNlClVuFLEZdDNbEs=
inet.af v0.0.0-20181218191229-53da77bc832c h1:U3RoiyEF5b3Y1SVL6NNvpkgqUz2qS3a0OJh9kpSCN04=
inet.af/netaddr v0.0.0-20210222205655-a1ec2b7b8c44 h1:p7fX77zWzZMuNdJUhniBsmN1OvFOrW9SOtvgnzqUZX4=
inet.af/netaddr v0.0.0-20210222205655-a1ec2b7b8c44/go.mod h1:I2i9ONCXRZDnG1+7O8fSuYzjcPxHQXrIfzD/IkR87x4=
